# This file is automatically @generated by Cargo.
# It is not intended for manual editing.
version = 4

[[package]]
name = "hxnu-init"
version = "0.1.0"

[[package]]
name = "hxnu-interp-zero"
version = "0.1.0"

[[package]]
name = "hxnu-kernel"
version = "0.1.0"

[[package]]
name = "sxrc-profile-gen"
version = "0.1.0"
